
Microsoft Visual Studio Solution File, Format Version 12.00
# Visual Studio 14
VisualStudioVersion = 14.0.25420.1
MinimumVisualStudioVersion = 10.0.40219.1
Project("{FAE04EC0-301F-11D3-BF4B-00C04F79EFBC}") = "programowanie", "programowanie\programowanie.csproj", "{CE290FEA-4241-44D3-96BA-58B3B26E8E6B}"
EndProject
Project("{FAE04EC0-301F-11D3-BF4B-00C04F79EFBC}") = "CSV_test", "UnitTestProject1\CSV_test.csproj", "{3CA505BC-E817-4C5C-8C4B-A1A9CAC96908}"
EndProject
Project("{FAE04EC0-301F-11D3-BF4B-00C04F79EFBC}") = "RowExists", "UnitTestProject2\RowExists.csproj", "{05BFB091-96AB-4A2D-98DC-9AA6FAFE58A7}"
EndProject
Global
	GlobalSection(SolutionConfigurationPlatforms) = preSolution
		Debug|Any CPU = Debug|Any CPU
		Release|Any CPU = Release|Any CPU
	EndGlobalSection
	GlobalSection(ProjectConfigurationPlatforms) = postSolution
		{CE290FEA-4241-44D3-96BA-58B3B26E8E6B}.Debug|Any CPU.ActiveCfg = Debug|Any CPU
		{CE290FEA-4241-44D3-96BA-58B3B26E8E6B}.Debug|Any CPU.Build.0 = Debug|Any CPU
		{CE290FEA-4241-44D3-96BA-58B3B26E8E6B}.Release|Any CPU.ActiveCfg = Release|Any CPU
		{CE290FEA-4241-44D3-96BA-58B3B26E8E6B}.Release|Any CPU.Build.0 = Release|Any CPU
		{3CA505BC-E817-4C5C-8C4B-A1A9CAC96908}.Debug|Any CPU.ActiveCfg = Debug|Any CPU
		{3CA505BC-E817-4C5C-8C4B-A1A9CAC96908}.Debug|Any CPU.Build.0 = Debug|Any CPU
		{3CA505BC-E817-4C5C-8C4B-A1A9CAC96908}.Release|Any CPU.ActiveCfg = Release|Any CPU
		{3CA505BC-E817-4C5C-8C4B-A1A9CAC96908}.Release|Any CPU.Build.0 = Release|Any CPU
		{05BFB091-96AB-4A2D-98DC-9AA6FAFE58A7}.Debug|Any CPU.ActiveCfg = Debug|Any CPU
		{05BFB091-96AB-4A2D-98DC-9AA6FAFE58A7}.Debug|Any CPU.Build.0 = Debug|Any CPU
		{05BFB091-96AB-4A2D-98DC-9AA6FAFE58A7}.Release|Any CPU.ActiveCfg = Release|Any CPU
		{05BFB091-96AB-4A2D-98DC-9AA6FAFE58A7}.Release|Any CPU.Build.0 = Release|Any CPU
	EndGlobalSection
	GlobalSection(SolutionProperties) = preSolution
		HideSolutionNode = FALSE
	EndGlobalSection
EndGlobal
